
Microsoft Visual Studio Solution File, Format Version 12.00
# Visual Studio 15
VisualStudioVersion = 15.0.26730.12
MinimumVisualStudioVersion = 10.0.40219.1
Project("{FAE04EC0-301F-11D3-BF4B-00C04F79EFBC}") = "MovieRental2", "MovieRental2\MovieRental2.csproj", "{79DD531C-67A8-4504-94A8-81A6B53E368B}"
EndProject
Global
	GlobalSection(SolutionConfigurationPlatforms) = preSolution
		Debug|Any CPU = Debug|Any CPU
		Release|Any CPU = Release|Any CPU
	EndGlobalSection
	GlobalSection(ProjectConfigurationPlatforms) = postSolution
		{79DD531C-67A8-4504-94A8-81A6B53E368B}.Debug|Any CPU.ActiveCfg = Debug|Any CPU
		{79DD531C-67A8-4504-94A8-81A6B53E368B}.Debug|Any CPU.Build.0 = Debug|Any CPU
		{79DD531C-67A8-4504-94A8-81A6B53E368B}.Release|Any CPU.ActiveCfg = Release|Any CPU
		{79DD531C-67A8-4504-94A8-81A6B53E368B}.Release|Any CPU.Build.0 = Release|Any CPU
	EndGlobalSection
	GlobalSection(SolutionProperties) = preSolution
		HideSolutionNode = FALSE
	EndGlobalSection
	GlobalSection(ExtensibilityGlobals) = postSolution
		SolutionGuid = {4E18F124-F5DB-46C0-A48D-087F9B592B56}
	EndGlobalSection
EndGlobal
